{
  "name": "juejin-ariticle-liked-helper",
  "version": "1.0.0",
  "lockfileVersion": 1,
  "requires": true,
  "dependencies": {
    "lodash": {
      "version": "4.17.15",
      "resolved": "https://registry.npm.taobao.org/lodash/download/lodash-4.17.15.tgz",
      "integrity": "sha1-tEf2ZwoEVbv+7dETku/zMOoJdUg="
    },
    "underscore": {
      "version": "1.10.2",
      "resolved": "https://registry.npm.taobao.org/underscore/download/underscore-1.10.2.tgz",
      "integrity": "sha1-c9aqNmjzGI5K2w8ZQ70Sz9fvqq8="
    }
  }
}
